
Microsoft Visual Studio Solution File, Format Version 12.00
# Visual Studio Version 16
VisualStudioVersion = 16.0.29806.167
MinimumVisualStudioVersion = 10.0.40219.1
Project("{FAE04EC0-301F-11D3-BF4B-00C04F79EFBC}") = "Algoritm2.2", "Algoritm2.2\Algoritm2.2.csproj", "{10FA9178-974D-47CD-AD4B-2FBED15AF84B}"
EndProject
Global
	GlobalSection(SolutionConfigurationPlatforms) = preSolution
		Debug|Any CPU = Debug|Any CPU
		Release|Any CPU = Release|Any CPU
	EndGlobalSection
	GlobalSection(ProjectConfigurationPlatforms) = postSolution
		{10FA9178-974D-47CD-AD4B-2FBED15AF84B}.Debug|Any CPU.ActiveCfg = Debug|Any CPU
		{10FA9178-974D-47CD-AD4B-2FBED15AF84B}.Debug|Any CPU.Build.0 = Debug|Any CPU
		{10FA9178-974D-47CD-AD4B-2FBED15AF84B}.Release|Any CPU.ActiveCfg = Release|Any CPU
		{10FA9178-974D-47CD-AD4B-2FBED15AF84B}.Release|Any CPU.Build.0 = Release|Any CPU
	EndGlobalSection
	GlobalSection(SolutionProperties) = preSolution
		HideSolutionNode = FALSE
	EndGlobalSection
	GlobalSection(ExtensibilityGlobals) = postSolution
		SolutionGuid = {59128297-C280-4C73-A771-D62C89BE0F11}
	EndGlobalSection
EndGlobal
